// !$*UTF8*$!
{
	archiveVersion = 1;
	classes = {
	};
	objectVersion = 52;
	objects = {

/* Begin PBXBuildFile section */
		9943D0D524684EC10005BAFE /* CharacterDetail.swift in Sources */ = {isa = PBXBuildFile; fileRef = 9943D0D424684EC10005BAFE /* CharacterDetail.swift */; };
		9943D0D7246857330005BAFE /* Model.swift in Sources */ = {isa = PBXBuildFile; fileRef = 9943D0D6246857330005BAFE /* Model.swift */; };
		9943D0D9246857840005BAFE /* Endpoint.swift in Sources */ = {isa = PBXBuildFile; fileRef = 9943D0D8246857840005BAFE /* Endpoint.swift */; };
		9943D0DB246858820005BAFE /* CharacterObject.swift in Sources */ = {isa = PBXBuildFile; fileRef = 9943D0DA246858820005BAFE /* CharacterObject.swift */; };
		9943D0DF24685EB70005BAFE /* TestData.swift in Sources */ = {isa = PBXBuildFile; fileRef = 9943D0DE24685EB70005BAFE /* TestData.swift */; };
		9943D0E2246865380005BAFE /* URLImage in Frameworks */ = {isa = PBXBuildFile; productRef = 9943D0E1246865380005BAFE /* URLImage */; };
		9943D0E62468ABB90005BAFE /* ComicDetailView.swift in Sources */ = {isa = PBXBuildFile; fileRef = 9943D0E52468ABB90005BAFE /* ComicDetailView.swift */; };
		99B4E44B246823B500BFAE5F /* AppDelegate.swift in Sources */ = {isa = PBXBuildFile; fileRef = 99B4E44A246823B500BFAE5F /* AppDelegate.swift */; };
		99B4E44D246823B500BFAE5F /* SceneDelegate.swift in Sources */ = {isa = PBXBuildFile; fileRef = 99B4E44C246823B500BFAE5F /* SceneDelegate.swift */; };
		99B4E44F246823B500BFAE5F /* HeroesListView.swift in Sources */ = {isa = PBXBuildFile; fileRef = 99B4E44E246823B500BFAE5F /* HeroesListView.swift */; };
		99B4E451246823B900BFAE5F /* Assets.xcassets in Resources */ = {isa = PBXBuildFile; fileRef = 99B4E450246823B900BFAE5F /* Assets.xcassets */; };
		99B4E454246823B900BFAE5F /* Preview Assets.xcassets in Resources */ = {isa = PBXBuildFile; fileRef = 99B4E453246823B900BFAE5F /* Preview Assets.xcassets */; };
		99B4E457246823B900BFAE5F /* LaunchScreen.storyboard in Resources */ = {isa = PBXBuildFile; fileRef = 99B4E455246823B900BFAE5F /* LaunchScreen.storyboard */; };
/* End PBXBuildFile section */

/* Begin PBXFileReference section */
		9943D0D424684EC10005BAFE /* CharacterDetail.swift */ = {isa = PBXFileReference; lastKnownFileType = sourcecode.swift; path = CharacterDetail.swift; sourceTree = "<group>"; };
		9943D0D6246857330005BAFE /* Model.swift */ = {isa = PBXFileReference; lastKnownFileType = sourcecode.swift; path = Model.swift; sourceTree = "<group>"; };
		9943D0D8246857840005BAFE /* Endpoint.swift */ = {isa = PBXFileReference; lastKnownFileType = sourcecode.swift; path = Endpoint.swift; sourceTree = "<group>"; };
		9943D0DA246858820005BAFE /* CharacterObject.swift */ = {isa = PBXFileReference; lastKnownFileType = sourcecode.swift; path = CharacterObject.swift; sourceTree = "<group>"; };
		9943D0DE24685EB70005BAFE /* TestData.swift */ = {isa = PBXFileReference; lastKnownFileType = sourcecode.swift; path = TestData.swift; sourceTree = "<group>"; };
		9943D0E324686CBC0005BAFE /* MarvelConfig.xcconfig */ = {isa = PBXFileReference; lastKnownFileType = text.xcconfig; path = MarvelConfig.xcconfig; sourceTree = "<group>"; };
		9943D0E52468ABB90005BAFE /* ComicDetailView.swift */ = {isa = PBXFileReference; lastKnownFileType = sourcecode.swift; path = ComicDetailView.swift; sourceTree = "<group>"; };
		99B4E447246823B500BFAE5F /* Heroes.app */ = {isa = PBXFileReference; explicitFileType = wrapper.application; includeInIndex = 0; path = Heroes.app; sourceTree = BUILT_PRODUCTS_DIR; };
		99B4E44A246823B500BFAE5F /* AppDelegate.swift */ = {isa = PBXFileReference; lastKnownFileType = sourcecode.swift; path = AppDelegate.swift; sourceTree = "<group>"; };
		99B4E44C246823B500BFAE5F /* SceneDelegate.swift */ = {isa = PBXFileReference; lastKnownFileType = sourcecode.swift; path = SceneDelegate.swift; sourceTree = "<group>"; };
		99B4E44E246823B500BFAE5F /* HeroesListView.swift */ = {isa = PBXFileReference; lastKnownFileType = sourcecode.swift; path = HeroesListView.swift; sourceTree = "<group>"; };
		99B4E450246823B900BFAE5F /* Assets.xcassets */ = {isa = PBXFileReference; lastKnownFileType = folder.assetcatalog; path = Assets.xcassets; sourceTree = "<group>"; };
		99B4E453246823B900BFAE5F /* Preview Assets.xcassets */ = {isa = PBXFileReference; lastKnownFileType = folder.assetcatalog; path = "Preview Assets.xcassets"; sourceTree = "<group>"; };
		99B4E456246823B900BFAE5F /* Base */ = {isa = PBXFileReference; lastKnownFileType = file.storyboard; name = Base; path = Base.lproj/LaunchScreen.storyboard; sourceTree = "<group>"; };
		99B4E458246823B900BFAE5F /* Info.plist */ = {isa = PBXFileReference; lastKnownFileType = text.plist.xml; path = Info.plist; sourceTree = "<group>"; };
/* End PBXFileReference section */

/* Begin PBXFrameworksBuildPhase section */
		99B4E444246823B500BFAE5F /* Frameworks */ = {
			isa = PBXFrameworksBuildPhase;
			buildActionMask = 2147483647;
			files = (
				9943D0E2246865380005BAFE /* URLImage in Frameworks */,
			);
			runOnlyForDeploymentPostprocessing = 0;
		};
/* End PBXFrameworksBuildPhase section */

/* Begin PBXGroup section */
		9943D0DC24685BFF0005BAFE /* Model */ = {
			isa = PBXGroup;
			children = (
				9943D0D6246857330005BAFE /* Model.swift */,
				9943D0D8246857840005BAFE /* Endpoint.swift */,
				9943D0DA246858820005BAFE /* CharacterObject.swift */,
			);
			path = Model;
			sourceTree = "<group>";
		};
		9943D0DD24685C0C0005BAFE /* Views */ = {
			isa = PBXGroup;
			children = (
				99B4E44E246823B500BFAE5F /* HeroesListView.swift */,
				9943D0D424684EC10005BAFE /* CharacterDetail.swift */,
				9943D0E52468ABB90005BAFE /* ComicDetailView.swift */,
			);
			path = Views;
			sourceTree = "<group>";
		};
		99B4E43E246823B500BFAE5F = {
			isa = PBXGroup;
			children = (
				99B4E449246823B500BFAE5F /* MarvelHeroes */,
				99B4E448246823B500BFAE5F /* Products */,
			);
			sourceTree = "<group>";
		};
		99B4E448246823B500BFAE5F /* Products */ = {
			isa = PBXGroup;
			children = (
				99B4E447246823B500BFAE5F /* Heroes.app */,
			);
			name = Products;
			sourceTree = "<group>";
		};
		99B4E449246823B500BFAE5F /* MarvelHeroes */ = {
			isa = PBXGroup;
			children = (
				99B4E44A246823B500BFAE5F /* AppDelegate.swift */,
				99B4E44C246823B500BFAE5F /* SceneDelegate.swift */,
				9943D0DD24685C0C0005BAFE /* Views */,
				9943D0DC24685BFF0005BAFE /* Model */,
				99B4E450246823B900BFAE5F /* Assets.xcassets */,
				99B4E455246823B900BFAE5F /* LaunchScreen.storyboard */,
				99B4E458246823B900BFAE5F /* Info.plist */,
				9943D0E324686CBC0005BAFE /* MarvelConfig.xcconfig */,
				99B4E452246823B900BFAE5F /* Preview Content */,
			);
			path = MarvelHeroes;
			sourceTree = "<group>";
		};
		99B4E452246823B900BFAE5F /* Preview Content */ = {
			isa = PBXGroup;
			children = (
				99B4E453246823B900BFAE5F /* Preview Assets.xcassets */,
				9943D0DE24685EB70005BAFE /* TestData.swift */,
			);
			path = "Preview Content";
			sourceTree = "<group>";
		};
/* End PBXGroup section */

/* Begin PBXNativeTarget section */
		99B4E446246823B500BFAE5F /* MarvelHeroes */ = {
			isa = PBXNativeTarget;
			buildConfigurationList = 99B4E45B246823B900BFAE5F /* Build configuration list for PBXNativeTarget "MarvelHeroes" */;
			buildPhases = (
				99B4E443246823B500BFAE5F /* Sources */,
				99B4E444246823B500BFAE5F /* Frameworks */,
				99B4E445246823B500BFAE5F /* Resources */,
			);
			buildRules = (
			);
			dependencies = (
			);
			name = MarvelHeroes;
			packageProductDependencies = (
				9943D0E1246865380005BAFE /* URLImage */,
			);
			productName = MarvelHeroes;
			productReference = 99B4E447246823B500BFAE5F /* Heroes.app */;
			productType = "com.apple.product-type.application";
		};
/* End PBXNativeTarget section */

/* Begin PBXProject section */
		99B4E43F246823B500BFAE5F /* Project object */ = {
			isa = PBXProject;
			attributes = {
				LastSwiftUpdateCheck = 1140;
				LastUpgradeCheck = 1140;
				ORGANIZATIONNAME = "Ale Mohamad";
				TargetAttributes = {
					99B4E446246823B500BFAE5F = {
						CreatedOnToolsVersion = 11.4.1;
					};
				};
			};
			buildConfigurationList = 99B4E442246823B500BFAE5F /* Build configuration list for PBXProject "MarvelHeroes" */;
			compatibilityVersion = "Xcode 9.3";
			developmentRegion = en;
			hasScannedForEncodings = 0;
			knownRegions = (
				en,
				Base,
			);
			mainGroup = 99B4E43E246823B500BFAE5F;
			packageReferences = (
				9943D0E0246865380005BAFE /* XCRemoteSwiftPackageReference "url-image" */,
			);
			productRefGroup = 99B4E448246823B500BFAE5F /* Products */;
			projectDirPath = "";
			projectRoot = "";
			targets = (
				99B4E446246823B500BFAE5F /* MarvelHeroes */,
			);
		};
/* End PBXProject section */

/* Begin PBXResourcesBuildPhase section */
		99B4E445246823B500BFAE5F /* Resources */ = {
			isa = PBXResourcesBuildPhase;
			buildActionMask = 2147483647;
			files = (
				99B4E457246823B900BFAE5F /* LaunchScreen.storyboard in Resources */,
				99B4E454246823B900BFAE5F /* Preview Assets.xcassets in Resources */,
				99B4E451246823B900BFAE5F /* Assets.xcassets in Resources */,
			);
			runOnlyForDeploymentPostprocessing = 0;
		};
/* End PBXResourcesBuildPhase section */

/* Begin PBXSourcesBuildPhase section */
		99B4E443246823B500BFAE5F /* Sources */ = {
			isa = PBXSourcesBuildPhase;
			buildActionMask = 2147483647;
			files = (
				9943D0D7246857330005BAFE /* Model.swift in Sources */,
				9943D0D524684EC10005BAFE /* CharacterDetail.swift in Sources */,
				9943D0DB246858820005BAFE /* CharacterObject.swift in Sources */,
				9943D0DF24685EB70005BAFE /* TestData.swift in Sources */,
				99B4E44B246823B500BFAE5F /* AppDelegate.swift in Sources */,
				99B4E44D246823B500BFAE5F /* SceneDelegate.swift in Sources */,
				9943D0D9246857840005BAFE /* Endpoint.swift in Sources */,
				99B4E44F246823B500BFAE5F /* HeroesListView.swift in Sources */,
				9943D0E62468ABB90005BAFE /* ComicDetailView.swift in Sources */,
			);
			runOnlyForDeploymentPostprocessing = 0;
		};
/* End PBXSourcesBuildPhase section */

/* Begin PBXVariantGroup section */
		99B4E455246823B900BFAE5F /* LaunchScreen.storyboard */ = {
			isa = PBXVariantGroup;
			children = (
				99B4E456246823B900BFAE5F /* Base */,
			);
			name = LaunchScreen.storyboard;
			sourceTree = "<group>";
		};
/* End PBXVariantGroup section */

/* Begin XCBuildConfiguration section */
		99B4E459246823B900BFAE5F /* Debug */ = {
			isa = XCBuildConfiguration;
			baseConfigurationReference = 9943D0E324686CBC0005BAFE /* MarvelConfig.xcconfig */;
			buildSettings = {
				ALWAYS_SEARCH_USER_PATHS = NO;
				CLANG_ANALYZER_NONNULL = YES;
				CLANG_ANALYZER_NUMBER_OBJECT_CONVERSION = YES_AGGRESSIVE;
				CLANG_CXX_LANGUAGE_STANDARD = "gnu++14";
				CLANG_CXX_LIBRARY = "libc++";
				CLANG_ENABLE_MODULES = YES;
				CLANG_ENABLE_OBJC_ARC = YES;
				CLANG_ENABLE_OBJC_WEAK = YES;
				CLANG_WARN_BLOCK_CAPTURE_AUTORELEASING = YES;
				CLANG_WARN_BOOL_CONVERSION = YES;
				CLANG_WARN_COMMA = YES;
				CLANG_WARN_CONSTANT_CONVERSION = YES;
				CLANG_WARN_DEPRECATED_OBJC_IMPLEMENTATIONS = YES;
				CLANG_WARN_DIRECT_OBJC_ISA_USAGE = YES_ERROR;
				CLANG_WARN_DOCUMENTATION_COMMENTS = YES;
				CLANG_WARN_EMPTY_BODY = YES;
				CLANG_WARN_ENUM_CONVERSION = YES;
				CLANG_WARN_INFINITE_RECURSION = YES;
				CLANG_WARN_INT_CONVERSION = YES;
				CLANG_WARN_NON_LITERAL_NULL_CONVERSION = YES;
				CLANG_WARN_OBJC_IMPLICIT_RETAIN_SELF = YES;
				CLANG_WARN_OBJC_LITERAL_CONVERSION = YES;
				CLANG_WARN_OBJC_ROOT_CLASS = YES_ERROR;
				CLANG_WARN_RANGE_LOOP_ANALYSIS = YES;
				CLANG_WARN_STRICT_PROTOTYPES = YES;
				CLANG_WARN_SUSPICIOUS_MOVE = YES;
				CLANG_WARN_UNGUARDED_AVAILABILITY = YES_AGGRESSIVE;
				CLANG_WARN_UNREACHABLE_CODE = YES;
				CLANG_WARN__DUPLICATE_METHOD_MATCH = YES;
				COPY_PHASE_STRIP = NO;
				DEBUG_INFORMATION_FORMAT = dwarf;
				ENABLE_STRICT_OBJC_MSGSEND = YES;
				ENABLE_TESTABILITY = YES;
				GCC_C_LANGUAGE_STANDARD = gnu11;
				GCC_DYNAMIC_NO_PIC = NO;
				GCC_NO_COMMON_BLOCKS = YES;
				GCC_OPTIMIZATION_LEVEL = 0;
				GCC_PREPROCESSOR_DEFINITIONS = (
					"DEBUG=1",
					"$(inherited)",
				);
				GCC_WARN_64_TO_32_BIT_CONVERSION = YES;
				GCC_WARN_ABOUT_RETURN_TYPE = YES_ERROR;
				GCC_WARN_UNDECLARED_SELECTOR = YES;
				GCC_WARN_UNINITIALIZED_AUTOS = YES_AGGRESSIVE;
				GCC_WARN_UNUSED_FUNCTION = YES;
				GCC_WARN_UNUSED_VARIABLE = YES;
				IPHONEOS_DEPLOYMENT_TARGET = 13.4;
				MTL_ENABLE_DEBUG_INFO = INCLUDE_SOURCE;
				MTL_FAST_MATH = YES;
				ONLY_ACTIVE_ARCH = YES;
				SDKROOT = iphoneos;
				SWIFT_ACTIVE_COMPILATION_CONDITIONS = DEBUG;
				SWIFT_OPTIMIZATION_LEVEL = "-Onone";
			};
			name = Debug;
		};
		99B4E45A246823B900BFAE5F /* Release */ = {
			isa = XCBuildConfiguration;
			baseConfigurationReference = 9943D0E324686CBC0005BAFE /* MarvelConfig.xcconfig */;
			buildSettings = {
				ALWAYS_SEARCH_USER_PATHS = NO;
				CLANG_ANALYZER_NONNULL = YES;
				CLANG_ANALYZER_NUMBER_OBJECT_CONVERSION = YES_AGGRESSIVE;
				CLANG_CXX_LANGUAGE_STANDARD = "gnu++14";
				CLANG_CXX_LIBRARY = "libc++";
				CLANG_ENABLE_MODULES = YES;
				CLANG_ENABLE_OBJC_ARC = YES;
				CLANG_ENABLE_OBJC_WEAK = YES;
				CLANG_WARN_BLOCK_CAPTURE_AUTORELEASING = YES;
				CLANG_WARN_BOOL_CONVERSION = YES;
				CLANG_WARN_COMMA = YES;
				CLANG_WARN_CONSTANT_CONVERSION = YES;
				CLANG_WARN_DEPRECATED_OBJC_IMPLEMENTATIONS = YES;
				CLANG_WARN_DIRECT_OBJC_ISA_USAGE = YES_ERROR;
				CLANG_WARN_DOCUMENTATION_COMMENTS = YES;
				CLANG_WARN_EMPTY_BODY = YES;
				CLANG_WARN_ENUM_CONVERSION = YES;
				CLANG_WARN_INFINITE_RECURSION = YES;
				CLANG_WARN_INT_CONVERSION = YES;
				CLANG_WARN_NON_LITERAL_NULL_CONVERSION = YES;
				CLANG_WARN_OBJC_IMPLICIT_RETAIN_SELF = YES;
				CLANG_WARN_OBJC_LITERAL_CONVERSION = YES;
				CLANG_WARN_OBJC_ROOT_CLASS = YES_ERROR;
				CLANG_WARN_RANGE_LOOP_ANALYSIS = YES;
				CLANG_WARN_STRICT_PROTOTYPES = YES;
				CLANG_WARN_SUSPICIOUS_MOVE = YES;
				CLANG_WARN_UNGUARDED_AVAILABILITY = YES_AGGRESSIVE;
				CLANG_WARN_UNREACHABLE_CODE = YES;
				CLANG_WARN__DUPLICATE_METHOD_MATCH = YES;
				COPY_PHASE_STRIP = NO;
				DEBUG_INFORMATION_FORMAT = "dwarf-with-dsym";
				ENABLE_NS_ASSERTIONS = NO;
				ENABLE_STRICT_OBJC_MSGSEND = YES;
				GCC_C_LANGUAGE_STANDARD = gnu11;
				GCC_NO_COMMON_BLOCKS = YES;
				GCC_WARN_64_TO_32_BIT_CONVERSION = YES;
				GCC_WARN_ABOUT_RETURN_TYPE = YES_ERROR;
				GCC_WARN_UNDECLARED_SELECTOR = YES;
				GCC_WARN_UNINITIALIZED_AUTOS = YES_AGGRESSIVE;
				GCC_WARN_UNUSED_FUNCTION = YES;
				GCC_WARN_UNUSED_VARIABLE = YES;
				IPHONEOS_DEPLOYMENT_TARGET = 13.4;
				MTL_ENABLE_DEBUG_INFO = NO;
				MTL_FAST_MATH = YES;
				SDKROOT = iphoneos;
				SWIFT_COMPILATION_MODE = wholemodule;
				SWIFT_OPTIMIZATION_LEVEL = "-O";
				VALIDATE_PRODUCT = YES;
			};
			name = Release;
		};
		99B4E45C246823B900BFAE5F /* Debug */ = {
			isa = XCBuildConfiguration;
			baseConfigurationReference = 9943D0E324686CBC0005BAFE /* MarvelConfig.xcconfig */;
			buildSettings = {
				ASSETCATALOG_COMPILER_APPICON_NAME = AppIcon;
				CODE_SIGN_STYLE = Automatic;
				DEVELOPMENT_ASSET_PATHS = "\"MarvelHeroes/Preview Content\"";
				DEVELOPMENT_TEAM = WCNR2RY47A;
				ENABLE_PREVIEWS = YES;
				INFOPLIST_FILE = MarvelHeroes/Info.plist;
				LD_RUNPATH_SEARCH_PATHS = (
					"$(inherited)",
					"@executable_path/Frameworks",
				);
				PRODUCT_BUNDLE_IDENTIFIER = com.alemohamad.MarvelHeroes;
				PRODUCT_NAME = Heroes;
				SWIFT_VERSION = 5.0;
				TARGETED_DEVICE_FAMILY = "1,2";
			};
			name = Debug;
		};
		99B4E45D246823B900BFAE5F /* Release */ = {
			isa = XCBuildConfiguration;
			baseConfigurationReference = 9943D0E324686CBC0005BAFE /* MarvelConfig.xcconfig */;
			buildSettings = {
				ASSETCATALOG_COMPILER_APPICON_NAME = AppIcon;
				CODE_SIGN_STYLE = Automatic;
				DEVELOPMENT_ASSET_PATHS = "\"MarvelHeroes/Preview Content\"";
				DEVELOPMENT_TEAM = WCNR2RY47A;
				ENABLE_PREVIEWS = YES;
				INFOPLIST_FILE = MarvelHeroes/Info.plist;
				LD_RUNPATH_SEARCH_PATHS = (
					"$(inherited)",
					"@executable_path/Frameworks",
				);
				PRODUCT_BUNDLE_IDENTIFIER = com.alemohamad.MarvelHeroes;
				PRODUCT_NAME = Heroes;
				SWIFT_VERSION = 5.0;
				TARGETED_DEVICE_FAMILY = "1,2";
			};
			name = Release;
		};
/* End XCBuildConfiguration section */

/* Begin XCConfigurationList section */
		99B4E442246823B500BFAE5F /* Build configuration list for PBXProject "MarvelHeroes" */ = {
			isa = XCConfigurationList;
			buildConfigurations = (
				99B4E459246823B900BFAE5F /* Debug */,
				99B4E45A246823B900BFAE5F /* Release */,
			);
			defaultConfigurationIsVisible = 0;
			defaultConfigurationName = Release;
		};
		99B4E45B246823B900BFAE5F /* Build configuration list for PBXNativeTarget "MarvelHeroes" */ = {
			isa = XCConfigurationList;
			buildConfigurations = (
				99B4E45C246823B900BFAE5F /* Debug */,
				99B4E45D246823B900BFAE5F /* Release */,
			);
			defaultConfigurationIsVisible = 0;
			defaultConfigurationName = Release;
		};
/* End XCConfigurationList section */

/* Begin XCRemoteSwiftPackageReference section */
		9943D0E0246865380005BAFE /* XCRemoteSwiftPackageReference "url-image" */ = {
			isa = XCRemoteSwiftPackageReference;
			repositoryURL = "https://github.com/dmytro-anokhin/url-image";
			requirement = {
				kind = upToNextMajorVersion;
				minimumVersion = 0.9.15;
			};
		};
/* End XCRemoteSwiftPackageReference section */

/* Begin XCSwiftPackageProductDependency section */
		9943D0E1246865380005BAFE /* URLImage */ = {
			isa = XCSwiftPackageProductDependency;
			package = 9943D0E0246865380005BAFE /* XCRemoteSwiftPackageReference "url-image" */;
			productName = URLImage;
		};
/* End XCSwiftPackageProductDependency section */
	};
	rootObject = 99B4E43F246823B500BFAE5F /* Project object */;
}
